
Microsoft Visual Studio Solution File, Format Version 12.00
# Visual Studio Version 17
VisualStudioVersion = 17.6.33829.357
MinimumVisualStudioVersion = 10.0.40219.1
Project("{FAE04EC0-301F-11D3-BF4B-00C04F79EFBC}") = "LearningASP", "LearningASP\LearningASP.csproj", "{77F96A1D-3E04-44E1-93F9-2284332C031B}"
EndProject
Global
	GlobalSection(SolutionConfigurationPlatforms) = preSolution
		Debug|Any CPU = Debug|Any CPU
		Release|Any CPU = Release|Any CPU
	EndGlobalSection
	GlobalSection(ProjectConfigurationPlatforms) = postSolution
		{77F96A1D-3E04-44E1-93F9-2284332C031B}.Debug|Any CPU.ActiveCfg = Debug|Any CPU
		{77F96A1D-3E04-44E1-93F9-2284332C031B}.Debug|Any CPU.Build.0 = Debug|Any CPU
		{77F96A1D-3E04-44E1-93F9-2284332C031B}.Release|Any CPU.ActiveCfg = Release|Any CPU
		{77F96A1D-3E04-44E1-93F9-2284332C031B}.Release|Any CPU.Build.0 = Release|Any CPU
	EndGlobalSection
	GlobalSection(SolutionProperties) = preSolution
		HideSolutionNode = FALSE
	EndGlobalSection
	GlobalSection(ExtensibilityGlobals) = postSolution
		SolutionGuid = {38E5180E-F4AF-4EAD-A125-392DFD7AE738}
	EndGlobalSection
EndGlobal
